// !$*UTF8*$!
{
	archiveVersion = 1;
	classes = {
	};
	objectVersion = 48;
	objects = {

/* Begin PBXBuildFile section */
		09D134271F83C40700286658 /* AppDelegate.swift in Sources */ = {isa = PBXBuildFile; fileRef = 09D134261F83C40700286658 /* AppDelegate.swift */; };
		09D134291F83C40700286658 /* ViewController.swift in Sources */ = {isa = PBXBuildFile; fileRef = 09D134281F83C40700286658 /* ViewController.swift */; };
		09D1342C1F83C40700286658 /* Main.storyboard in Resources */ = {isa = PBXBuildFile; fileRef = 09D1342A1F83C40700286658 /* Main.storyboard */; };
		09D1342E1F83C40700286658 /* Assets.xcassets in Resources */ = {isa = PBXBuildFile; fileRef = 09D1342D1F83C40700286658 /* Assets.xcassets */; };
		09D134311F83C40700286658 /* LaunchScreen.storyboard in Resources */ = {isa = PBXBuildFile; fileRef = 09D1342F1F83C40700286658 /* LaunchScreen.storyboard */; };
		4889D8BC1D9DA450B579293B /* Pods_FlexibleHeader.framework in Frameworks */ = {isa = PBXBuildFile; fileRef = 6F300C5CBBB2E40E385DCA6E /* Pods_FlexibleHeader.framework */; };
/* End PBXBuildFile section */

/* Begin PBXFileReference section */
		09D134231F83C40700286658 /* FlexibleHeader.app */ = {isa = PBXFileReference; explicitFileType = wrapper.application; includeInIndex = 0; path = FlexibleHeader.app; sourceTree = BUILT_PRODUCTS_DIR; };
		09D134261F83C40700286658 /* AppDelegate.swift */ = {isa = PBXFileReference; lastKnownFileType = sourcecode.swift; path = AppDelegate.swift; sourceTree = "<group>"; };
		09D134281F83C40700286658 /* ViewController.swift */ = {isa = PBXFileReference; lastKnownFileType = sourcecode.swift; path = ViewController.swift; sourceTree = "<group>"; };
		09D1342B1F83C40700286658 /* Base */ = {isa = PBXFileReference; lastKnownFileType = file.storyboard; name = Base; path = Base.lproj/Main.storyboard; sourceTree = "<group>"; };
		09D1342D1F83C40700286658 /* Assets.xcassets */ = {isa = PBXFileReference; lastKnownFileType = folder.assetcatalog; path = Assets.xcassets; sourceTree = "<group>"; };
		09D134301F83C40700286658 /* Base */ = {isa = PBXFileReference; lastKnownFileType = file.storyboard; name = Base; path = Base.lproj/LaunchScreen.storyboard; sourceTree = "<group>"; };
		09D134321F83C40700286658 /* Info.plist */ = {isa = PBXFileReference; lastKnownFileType = text.plist.xml; path = Info.plist; sourceTree = "<group>"; };
		6E19250B88F52229FAEBF879 /* Pods-FlexibleHeader.debug.xcconfig */ = {isa = PBXFileReference; includeInIndex = 1; lastKnownFileType = text.xcconfig; name = "Pods-FlexibleHeader.debug.xcconfig"; path = "Pods/Target Support Files/Pods-FlexibleHeader/Pods-FlexibleHeader.debug.xcconfig"; sourceTree = "<group>"; };
		6F300C5CBBB2E40E385DCA6E /* Pods_FlexibleHeader.framework */ = {isa = PBXFileReference; explicitFileType = wrapper.framework; includeInIndex = 0; path = Pods_FlexibleHeader.framework; sourceTree = BUILT_PRODUCTS_DIR; };
		B98D1BE79D116C410FF27CBC /* Pods-FlexibleHeader.release.xcconfig */ = {isa = PBXFileReference; includeInIndex = 1; lastKnownFileType = text.xcconfig; name = "Pods-FlexibleHeader.release.xcconfig"; path = "Pods/Target Support Files/Pods-FlexibleHeader/Pods-FlexibleHeader.release.xcconfig"; sourceTree = "<group>"; };
/* End PBXFileReference section */

/* Begin PBXFrameworksBuildPhase section */
		09D134201F83C40700286658 /* Frameworks */ = {
			isa = PBXFrameworksBuildPhase;
			buildActionMask = 2147483647;
			files = (
				4889D8BC1D9DA450B579293B /* Pods_FlexibleHeader.framework in Frameworks */,
			);
			runOnlyForDeploymentPostprocessing = 0;
		};
/* End PBXFrameworksBuildPhase section */

/* Begin PBXGroup section */
		09D1341A1F83C40700286658 = {
			isa = PBXGroup;
			children = (
				09D134251F83C40700286658 /* FlexibleHeader */,
				09D134241F83C40700286658 /* Products */,
				C51ADC55C4FB5F0DB8492AD8 /* Pods */,
				239DA89D439E8A8C2A395689 /* Frameworks */,
			);
			sourceTree = "<group>";
		};
		09D134241F83C40700286658 /* Products */ = {
			isa = PBXGroup;
			children = (
				09D134231F83C40700286658 /* FlexibleHeader.app */,
			);
			name = Products;
			sourceTree = "<group>";
		};
		09D134251F83C40700286658 /* FlexibleHeader */ = {
			isa = PBXGroup;
			children = (
				09D134261F83C40700286658 /* AppDelegate.swift */,
				09D134281F83C40700286658 /* ViewController.swift */,
				09D1342A1F83C40700286658 /* Main.storyboard */,
				09D1342D1F83C40700286658 /* Assets.xcassets */,
				09D1342F1F83C40700286658 /* LaunchScreen.storyboard */,
				09D134321F83C40700286658 /* Info.plist */,
			);
			path = FlexibleHeader;
			sourceTree = "<group>";
		};
		239DA89D439E8A8C2A395689 /* Frameworks */ = {
			isa = PBXGroup;
			children = (
				6F300C5CBBB2E40E385DCA6E /* Pods_FlexibleHeader.framework */,
			);
			name = Frameworks;
			sourceTree = "<group>";
		};
		C51ADC55C4FB5F0DB8492AD8 /* Pods */ = {
			isa = PBXGroup;
			children = (
				6E19250B88F52229FAEBF879 /* Pods-FlexibleHeader.debug.xcconfig */,
				B98D1BE79D116C410FF27CBC /* Pods-FlexibleHeader.release.xcconfig */,
			);
			name = Pods;
			sourceTree = "<group>";
		};
/* End PBXGroup section */

/* Begin PBXNativeTarget section */
		09D134221F83C40700286658 /* FlexibleHeader */ = {
			isa = PBXNativeTarget;
			buildConfigurationList = 09D134351F83C40700286658 /* Build configuration list for PBXNativeTarget "FlexibleHeader" */;
			buildPhases = (
				B80090A5C306C4158AFB51B5 /* [CP] Check Pods Manifest.lock */,
				09D1341F1F83C40700286658 /* Sources */,
				09D134201F83C40700286658 /* Frameworks */,
				09D134211F83C40700286658 /* Resources */,
				5DD0BD7DE7319AF1A89B785D /* [CP] Embed Pods Frameworks */,
				3DE150195A9949F048BFF507 /* [CP] Copy Pods Resources */,
			);
			buildRules = (
			);
			dependencies = (
			);
			name = FlexibleHeader;
			productName = FlexibleHeader;
			productReference = 09D134231F83C40700286658 /* FlexibleHeader.app */;
			productType = "com.apple.product-type.application";
		};
/* End PBXNativeTarget section */

/* Begin PBXProject section */
		09D1341B1F83C40700286658 /* Project object */ = {
			isa = PBXProject;
			attributes = {
				LastSwiftUpdateCheck = 0900;
				LastUpgradeCheck = 0900;
				TargetAttributes = {
					09D134221F83C40700286658 = {
						CreatedOnToolsVersion = 9.0;
						ProvisioningStyle = Automatic;
					};
				};
			};
			buildConfigurationList = 09D1341E1F83C40700286658 /* Build configuration list for PBXProject "FlexibleHeader" */;
			compatibilityVersion = "Xcode 8.0";
			developmentRegion = en;
			hasScannedForEncodings = 0;
			knownRegions = (
				en,
				Base,
			);
			mainGroup = 09D1341A1F83C40700286658;
			productRefGroup = 09D134241F83C40700286658 /* Products */;
			projectDirPath = "";
			projectRoot = "";
			targets = (
				09D134221F83C40700286658 /* FlexibleHeader */,
			);
		};
/* End PBXProject section */

/* Begin PBXResourcesBuildPhase section */
		09D134211F83C40700286658 /* Resources */ = {
			isa = PBXResourcesBuildPhase;
			buildActionMask = 2147483647;
			files = (
				09D134311F83C40700286658 /* LaunchScreen.storyboard in Resources */,
				09D1342E1F83C40700286658 /* Assets.xcassets in Resources */,
				09D1342C1F83C40700286658 /* Main.storyboard in Resources */,
			);
			runOnlyForDeploymentPostprocessing = 0;
		};
/* End PBXResourcesBuildPhase section */

/* Begin PBXShellScriptBuildPhase section */
		3DE150195A9949F048BFF507 /* [CP] Copy Pods Resources */ = {
			isa = PBXShellScriptBuildPhase;
			buildActionMask = 2147483647;
			files = (
			);
			inputPaths = (
			);
			name = "[CP] Copy Pods Resources";
			outputPaths = (
			);
			runOnlyForDeploymentPostprocessing = 0;
			shellPath = /bin/sh;
			shellScript = "\"${SRCROOT}/Pods/Target Support Files/Pods-FlexibleHeader/Pods-FlexibleHeader-resources.sh\"\n";
			showEnvVarsInLog = 0;
		};
		5DD0BD7DE7319AF1A89B785D /* [CP] Embed Pods Frameworks */ = {
			isa = PBXShellScriptBuildPhase;
			buildActionMask = 2147483647;
			files = (
			);
			inputPaths = (
				"${SRCROOT}/Pods/Target Support Files/Pods-FlexibleHeader/Pods-FlexibleHeader-frameworks.sh",
				"${BUILT_PRODUCTS_DIR}/MDFTextAccessibility/MDFTextAccessibility.framework",
				"${BUILT_PRODUCTS_DIR}/MaterialComponents/MaterialComponents.framework",
				"${BUILT_PRODUCTS_DIR}/MotionAnimator/MotionAnimator.framework",
				"${BUILT_PRODUCTS_DIR}/MotionInterchange/MotionInterchange.framework",
				"${BUILT_PRODUCTS_DIR}/MotionTransitioning/MotionTransitioning.framework",
			);
			name = "[CP] Embed Pods Frameworks";
			outputPaths = (
				"${TARGET_BUILD_DIR}/${FRAMEWORKS_FOLDER_PATH}/MDFTextAccessibility.framework",
				"${TARGET_BUILD_DIR}/${FRAMEWORKS_FOLDER_PATH}/MaterialComponents.framework",
				"${TARGET_BUILD_DIR}/${FRAMEWORKS_FOLDER_PATH}/MotionAnimator.framework",
				"${TARGET_BUILD_DIR}/${FRAMEWORKS_FOLDER_PATH}/MotionInterchange.framework",
				"${TARGET_BUILD_DIR}/${FRAMEWORKS_FOLDER_PATH}/MotionTransitioning.framework",
			);
			runOnlyForDeploymentPostprocessing = 0;
			shellPath = /bin/sh;
			shellScript = "\"${SRCROOT}/Pods/Target Support Files/Pods-FlexibleHeader/Pods-FlexibleHeader-frameworks.sh\"\n";
			showEnvVarsInLog = 0;
		};
		B80090A5C306C4158AFB51B5 /* [CP] Check Pods Manifest.lock */ = {
			isa = PBXShellScriptBuildPhase;
			buildActionMask = 2147483647;
			files = (
			);
			inputPaths = (
				"${PODS_PODFILE_DIR_PATH}/Podfile.lock",
				"${PODS_ROOT}/Manifest.lock",
			);
			name = "[CP] Check Pods Manifest.lock";
			outputPaths = (
				"$(DERIVED_FILE_DIR)/Pods-FlexibleHeader-checkManifestLockResult.txt",
			);
			runOnlyForDeploymentPostprocessing = 0;
			shellPath = /bin/sh;
			shellScript = "diff \"${PODS_PODFILE_DIR_PATH}/Podfile.lock\" \"${PODS_ROOT}/Manifest.lock\" > /dev/null\nif [ $? != 0 ] ; then\n    # print error to STDERR\n    echo \"error: The sandbox is not in sync with the Podfile.lock. Run 'pod install' or update your CocoaPods installation.\" >&2\n    exit 1\nfi\n# This output is used by Xcode 'outputs' to avoid re-running this script phase.\necho \"SUCCESS\" > \"${SCRIPT_OUTPUT_FILE_0}\"\n";
			showEnvVarsInLog = 0;
		};
/* End PBXShellScriptBuildPhase section */

/* Begin PBXSourcesBuildPhase section */
		09D1341F1F83C40700286658 /* Sources */ = {
			isa = PBXSourcesBuildPhase;
			buildActionMask = 2147483647;
			files = (
				09D134291F83C40700286658 /* ViewController.swift in Sources */,
				09D134271F83C40700286658 /* AppDelegate.swift in Sources */,
			);
			runOnlyForDeploymentPostprocessing = 0;
		};
/* End PBXSourcesBuildPhase section */

/* Begin PBXVariantGroup section */
		09D1342A1F83C40700286658 /* Main.storyboard */ = {
			isa = PBXVariantGroup;
			children = (
				09D1342B1F83C40700286658 /* Base */,
			);
			name = Main.storyboard;
			sourceTree = "<group>";
		};
		09D1342F1F83C40700286658 /* LaunchScreen.storyboard */ = {
			isa = PBXVariantGroup;
			children = (
				09D134301F83C40700286658 /* Base */,
			);
			name = LaunchScreen.storyboard;
			sourceTree = "<group>";
		};
/* End PBXVariantGroup section */

/* Begin XCBuildConfiguration section */
		09D134331F83C40700286658 /* Debug */ = {
			isa = XCBuildConfiguration;
			buildSettings = {
				ALWAYS_SEARCH_USER_PATHS = NO;
				CLANG_ANALYZER_NONNULL = YES;
				CLANG_ANALYZER_NUMBER_OBJECT_CONVERSION = YES_AGGRESSIVE;
				CLANG_CXX_LANGUAGE_STANDARD = "gnu++14";
				CLANG_CXX_LIBRARY = "libc++";
				CLANG_ENABLE_MODULES = YES;
				CLANG_ENABLE_OBJC_ARC = YES;
				CLANG_WARN_BLOCK_CAPTURE_AUTORELEASING = YES;
				CLANG_WARN_BOOL_CONVERSION = YES;
				CLANG_WARN_COMMA = YES;
				CLANG_WARN_CONSTANT_CONVERSION = YES;
				CLANG_WARN_DIRECT_OBJC_ISA_USAGE = YES_ERROR;
				CLANG_WARN_DOCUMENTATION_COMMENTS = YES;
				CLANG_WARN_EMPTY_BODY = YES;
				CLANG_WARN_ENUM_CONVERSION = YES;
				CLANG_WARN_INFINITE_RECURSION = YES;
				CLANG_WARN_INT_CONVERSION = YES;
				CLANG_WARN_NON_LITERAL_NULL_CONVERSION = YES;
				CLANG_WARN_OBJC_LITERAL_CONVERSION = YES;
				CLANG_WARN_OBJC_ROOT_CLASS = YES_ERROR;
				CLANG_WARN_RANGE_LOOP_ANALYSIS = YES;
				CLANG_WARN_STRICT_PROTOTYPES = YES;
				CLANG_WARN_SUSPICIOUS_MOVE = YES;
				CLANG_WARN_UNGUARDED_AVAILABILITY = YES_AGGRESSIVE;
				CLANG_WARN_UNREACHABLE_CODE = YES;
				CLANG_WARN__DUPLICATE_METHOD_MATCH = YES;
				CODE_SIGN_IDENTITY = "iPhone Developer";
				COPY_PHASE_STRIP = NO;
				DEBUG_INFORMATION_FORMAT = dwarf;
				ENABLE_STRICT_OBJC_MSGSEND = YES;
				ENABLE_TESTABILITY = YES;
				GCC_C_LANGUAGE_STANDARD = gnu11;
				GCC_DYNAMIC_NO_PIC = NO;
				GCC_NO_COMMON_BLOCKS = YES;
				GCC_OPTIMIZATION_LEVEL = 0;
				GCC_PREPROCESSOR_DEFINITIONS = (
					"DEBUG=1",
					"$(inherited)",
				);
				GCC_WARN_64_TO_32_BIT_CONVERSION = YES;
				GCC_WARN_ABOUT_RETURN_TYPE = YES_ERROR;
				GCC_WARN_UNDECLARED_SELECTOR = YES;
				GCC_WARN_UNINITIALIZED_AUTOS = YES_AGGRESSIVE;
				GCC_WARN_UNUSED_FUNCTION = YES;
				GCC_WARN_UNUSED_VARIABLE = YES;
				IPHONEOS_DEPLOYMENT_TARGET = 11.0;
				MTL_ENABLE_DEBUG_INFO = YES;
				ONLY_ACTIVE_ARCH = YES;
				SDKROOT = iphoneos;
				SWIFT_ACTIVE_COMPILATION_CONDITIONS = DEBUG;
				SWIFT_OPTIMIZATION_LEVEL = "-Onone";
			};
			name = Debug;
		};
		09D134341F83C40700286658 /* Release */ = {
			isa = XCBuildConfiguration;
			buildSettings = {
				ALWAYS_SEARCH_USER_PATHS = NO;
				CLANG_ANALYZER_NONNULL = YES;
				CLANG_ANALYZER_NUMBER_OBJECT_CONVERSION = YES_AGGRESSIVE;
				CLANG_CXX_LANGUAGE_STANDARD = "gnu++14";
				CLANG_CXX_LIBRARY = "libc++";
				CLANG_ENABLE_MODULES = YES;
				CLANG_ENABLE_OBJC_ARC = YES;
				CLANG_WARN_BLOCK_CAPTURE_AUTORELEASING = YES;
				CLANG_WARN_BOOL_CONVERSION = YES;
				CLANG_WARN_COMMA = YES;
				CLANG_WARN_CONSTANT_CONVERSION = YES;
				CLANG_WARN_DIRECT_OBJC_ISA_USAGE = YES_ERROR;
				CLANG_WARN_DOCUMENTATION_COMMENTS = YES;
				CLANG_WARN_EMPTY_BODY = YES;
				CLANG_WARN_ENUM_CONVERSION = YES;
				CLANG_WARN_INFINITE_RECURSION = YES;
				CLANG_WARN_INT_CONVERSION = YES;
				CLANG_WARN_NON_LITERAL_NULL_CONVERSION = YES;
				CLANG_WARN_OBJC_LITERAL_CONVERSION = YES;
				CLANG_WARN_OBJC_ROOT_CLASS = YES_ERROR;
				CLANG_WARN_RANGE_LOOP_ANALYSIS = YES;
				CLANG_WARN_STRICT_PROTOTYPES = YES;
				CLANG_WARN_SUSPICIOUS_MOVE = YES;
				CLANG_WARN_UNGUARDED_AVAILABILITY = YES_AGGRESSIVE;
				CLANG_WARN_UNREACHABLE_CODE = YES;
				CLANG_WARN__DUPLICATE_METHOD_MATCH = YES;
				CODE_SIGN_IDENTITY = "iPhone Developer";
				COPY_PHASE_STRIP = NO;
				DEBUG_INFORMATION_FORMAT = "dwarf-with-dsym";
				ENABLE_NS_ASSERTIONS = NO;
				ENABLE_STRICT_OBJC_MSGSEND = YES;
				GCC_C_LANGUAGE_STANDARD = gnu11;
				GCC_NO_COMMON_BLOCKS = YES;
				GCC_WARN_64_TO_32_BIT_CONVERSION = YES;
				GCC_WARN_ABOUT_RETURN_TYPE = YES_ERROR;
				GCC_WARN_UNDECLARED_SELECTOR = YES;
				GCC_WARN_UNINITIALIZED_AUTOS = YES_AGGRESSIVE;
				GCC_WARN_UNUSED_FUNCTION = YES;
				GCC_WARN_UNUSED_VARIABLE = YES;
				IPHONEOS_DEPLOYMENT_TARGET = 11.0;
				MTL_ENABLE_DEBUG_INFO = NO;
				SDKROOT = iphoneos;
				SWIFT_OPTIMIZATION_LEVEL = "-Owholemodule";
				VALIDATE_PRODUCT = YES;
			};
			name = Release;
		};
		09D134361F83C40700286658 /* Debug */ = {
			isa = XCBuildConfiguration;
			baseConfigurationReference = 6E19250B88F52229FAEBF879 /* Pods-FlexibleHeader.debug.xcconfig */;
			buildSettings = {
				ASSETCATALOG_COMPILER_APPICON_NAME = AppIcon;
				CODE_SIGN_STYLE = Automatic;
				DEVELOPMENT_TEAM = "";
				INFOPLIST_FILE = FlexibleHeader/Info.plist;
				IPHONEOS_DEPLOYMENT_TARGET = 9.0;
				LD_RUNPATH_SEARCH_PATHS = "$(inherited) @executable_path/Frameworks";
				PRODUCT_BUNDLE_IDENTIFIER = net.haroldo.FlexibleHeader;
				PRODUCT_NAME = "$(TARGET_NAME)";
				SWIFT_VERSION = 4.0;
				TARGETED_DEVICE_FAMILY = "1,2";
			};
			name = Debug;
		};
		09D134371F83C40700286658 /* Release */ = {
			isa = XCBuildConfiguration;
			baseConfigurationReference = B98D1BE79D116C410FF27CBC /* Pods-FlexibleHeader.release.xcconfig */;
			buildSettings = {
				ASSETCATALOG_COMPILER_APPICON_NAME = AppIcon;
				CODE_SIGN_STYLE = Automatic;
				DEVELOPMENT_TEAM = "";
				INFOPLIST_FILE = FlexibleHeader/Info.plist;
				IPHONEOS_DEPLOYMENT_TARGET = 9.0;
				LD_RUNPATH_SEARCH_PATHS = "$(inherited) @executable_path/Frameworks";
				PRODUCT_BUNDLE_IDENTIFIER = net.haroldo.FlexibleHeader;
				PRODUCT_NAME = "$(TARGET_NAME)";
				SWIFT_VERSION = 4.0;
				TARGETED_DEVICE_FAMILY = "1,2";
			};
			name = Release;
		};
/* End XCBuildConfiguration section */

/* Begin XCConfigurationList section */
		09D1341E1F83C40700286658 /* Build configuration list for PBXProject "FlexibleHeader" */ = {
			isa = XCConfigurationList;
			buildConfigurations = (
				09D134331F83C40700286658 /* Debug */,
				09D134341F83C40700286658 /* Release */,
			);
			defaultConfigurationIsVisible = 0;
			defaultConfigurationName = Release;
		};
		09D134351F83C40700286658 /* Build configuration list for PBXNativeTarget "FlexibleHeader" */ = {
			isa = XCConfigurationList;
			buildConfigurations = (
				09D134361F83C40700286658 /* Debug */,
				09D134371F83C40700286658 /* Release */,
			);
			defaultConfigurationIsVisible = 0;
			defaultConfigurationName = Release;
		};
/* End XCConfigurationList section */
	};
	rootObject = 09D1341B1F83C40700286658 /* Project object */;
}
